
Microsoft Visual Studio Solution File, Format Version 12.00
# Visual Studio Version 17
VisualStudioVersion = 17.3.32929.385
MinimumVisualStudioVersion = 10.0.40219.1
Project("{FAE04EC0-301F-11D3-BF4B-00C04F79EFBC}") = "project api attempt", "project api attempt\project api attempt.csproj", "{CCBBB035-3005-4BBA-A008-1EA3EE1B0268}"
EndProject
Global
	GlobalSection(SolutionConfigurationPlatforms) = preSolution
		Debug|Any CPU = Debug|Any CPU
		Release|Any CPU = Release|Any CPU
	EndGlobalSection
	GlobalSection(ProjectConfigurationPlatforms) = postSolution
		{CCBBB035-3005-4BBA-A008-1EA3EE1B0268}.Debug|Any CPU.ActiveCfg = Debug|Any CPU
		{CCBBB035-3005-4BBA-A008-1EA3EE1B0268}.Debug|Any CPU.Build.0 = Debug|Any CPU
		{CCBBB035-3005-4BBA-A008-1EA3EE1B0268}.Release|Any CPU.ActiveCfg = Release|Any CPU
		{CCBBB035-3005-4BBA-A008-1EA3EE1B0268}.Release|Any CPU.Build.0 = Release|Any CPU
	EndGlobalSection
	GlobalSection(SolutionProperties) = preSolution
		HideSolutionNode = FALSE
	EndGlobalSection
	GlobalSection(ExtensibilityGlobals) = postSolution
		SolutionGuid = {3886625E-F5FF-4F1E-80FD-B337C3D400B7}
	EndGlobalSection
EndGlobal
