
Microsoft Visual Studio Solution File, Format Version 12.00
# Visual Studio Version 17
VisualStudioVersion = 17.3.32929.385
MinimumVisualStudioVersion = 10.0.40219.1
Project("{FAE04EC0-301F-11D3-BF4B-00C04F79EFBC}") = "API Incidencias", "API Incidencias\API Incidencias.csproj", "{C03F112C-C3BE-4DDF-99EA-A009A2D95D89}"
EndProject
Global
	GlobalSection(SolutionConfigurationPlatforms) = preSolution
		Debug|Any CPU = Debug|Any CPU
		Release|Any CPU = Release|Any CPU
	EndGlobalSection
	GlobalSection(ProjectConfigurationPlatforms) = postSolution
		{C03F112C-C3BE-4DDF-99EA-A009A2D95D89}.Debug|Any CPU.ActiveCfg = Debug|Any CPU
		{C03F112C-C3BE-4DDF-99EA-A009A2D95D89}.Debug|Any CPU.Build.0 = Debug|Any CPU
		{C03F112C-C3BE-4DDF-99EA-A009A2D95D89}.Release|Any CPU.ActiveCfg = Release|Any CPU
		{C03F112C-C3BE-4DDF-99EA-A009A2D95D89}.Release|Any CPU.Build.0 = Release|Any CPU
	EndGlobalSection
	GlobalSection(SolutionProperties) = preSolution
		HideSolutionNode = FALSE
	EndGlobalSection
	GlobalSection(ExtensibilityGlobals) = postSolution
		SolutionGuid = {0B448D7D-E85A-4BD4-91A0-B16937F30B97}
	EndGlobalSection
EndGlobal
