
Microsoft Visual Studio Solution File, Format Version 12.00
# Visual Studio Version 17
VisualStudioVersion = 17.3.32929.385
MinimumVisualStudioVersion = 10.0.40219.1
Project("{FAE04EC0-301F-11D3-BF4B-00C04F79EFBC}") = "Front", "Front\Front.csproj", "{61A760B4-55A5-4750-9D78-5A2A361F0E26}"
EndProject
Project("{FAE04EC0-301F-11D3-BF4B-00C04F79EFBC}") = "ConsoleApp1", "ConsoleApp1\ConsoleApp1.csproj", "{EF946309-DFE2-432F-8453-E46655779D36}"
EndProject
Global
	GlobalSection(SolutionConfigurationPlatforms) = preSolution
		Debug|Any CPU = Debug|Any CPU
		Release|Any CPU = Release|Any CPU
	EndGlobalSection
	GlobalSection(ProjectConfigurationPlatforms) = postSolution
		{61A760B4-55A5-4750-9D78-5A2A361F0E26}.Debug|Any CPU.ActiveCfg = Debug|Any CPU
		{61A760B4-55A5-4750-9D78-5A2A361F0E26}.Debug|Any CPU.Build.0 = Debug|Any CPU
		{61A760B4-55A5-4750-9D78-5A2A361F0E26}.Release|Any CPU.ActiveCfg = Release|Any CPU
		{61A760B4-55A5-4750-9D78-5A2A361F0E26}.Release|Any CPU.Build.0 = Release|Any CPU
		{EF946309-DFE2-432F-8453-E46655779D36}.Debug|Any CPU.ActiveCfg = Debug|Any CPU
		{EF946309-DFE2-432F-8453-E46655779D36}.Debug|Any CPU.Build.0 = Debug|Any CPU
		{EF946309-DFE2-432F-8453-E46655779D36}.Release|Any CPU.ActiveCfg = Release|Any CPU
		{EF946309-DFE2-432F-8453-E46655779D36}.Release|Any CPU.Build.0 = Release|Any CPU
	EndGlobalSection
	GlobalSection(SolutionProperties) = preSolution
		HideSolutionNode = FALSE
	EndGlobalSection
	GlobalSection(ExtensibilityGlobals) = postSolution
		SolutionGuid = {6B4DF31E-B6CA-41C7-BFEE-2C889A13D047}
	EndGlobalSection
EndGlobal
